
Microsoft Visual Studio Solution File, Format Version 10.00
# Visual Studio 2008
Project("{8BC9CEB8-8B4A-11D0-8D11-00A0C91BC942}") = "HookTest", "HookTest.vcproj", "{41CD405B-E74E-4304-B894-02D16C1B352A}"
EndProject
Global
	GlobalSection(SolutionConfigurationPlatforms) = preSolution
		Debug|Win32 = Debug|Win32
		Release|Win32 = Release|Win32
	EndGlobalSection
	GlobalSection(ProjectConfigurationPlatforms) = postSolution
		{41CD405B-E74E-4304-B894-02D16C1B352A}.Debug|Win32.ActiveCfg = Debug|Win32
		{41CD405B-E74E-4304-B894-02D16C1B352A}.Debug|Win32.Build.0 = Debug|Win32
		{41CD405B-E74E-4304-B894-02D16C1B352A}.Release|Win32.ActiveCfg = Release|Win32
		{41CD405B-E74E-4304-B894-02D16C1B352A}.Release|Win32.Build.0 = Release|Win32
	EndGlobalSection
	GlobalSection(SolutionProperties) = preSolution
		HideSolutionNode = FALSE
	EndGlobalSection
EndGlobal
